// !$*UTF8*$!
{
	archiveVersion = 1;
	classes = {
	};
	objectVersion = 56;
	objects = {

/* Begin PBXBuildFile section */
		58451A492D1C94D400327A42 /* MainCoordinator.swift in Sources */ = {isa = PBXBuildFile; fileRef = 584519F82D1C94D400327A42 /* MainCoordinator.swift */; };
		58451A4A2D1C94D400327A42 /* AppContext.swift in Sources */ = {isa = PBXBuildFile; fileRef = 584519FA2D1C94D400327A42 /* AppContext.swift */; };
		58451A4B2D1C94D400327A42 /* AppDelegate.swift in Sources */ = {isa = PBXBuildFile; fileRef = 584519FC2D1C94D400327A42 /* AppDelegate.swift */; };
		58451A4C2D1C94D400327A42 /* SceneDelegate.swift in Sources */ = {isa = PBXBuildFile; fileRef = 584519FD2D1C94D400327A42 /* SceneDelegate.swift */; };
		58451A582D1C94D400327A42 /* Assets.xcassets in Resources */ = {isa = PBXBuildFile; fileRef = 58451A0D2D1C94D400327A42 /* Assets.xcassets */; };
		58451A5A2D1C94D400327A42 /* LaunchScreen.storyboard in Resources */ = {isa = PBXBuildFile; fileRef = 58451A102D1C94D400327A42 /* LaunchScreen.storyboard */; };
		58451A5B2D1C94D400327A42 /* ConvertCurrencyAPI.swift in Sources */ = {isa = PBXBuildFile; fileRef = 58451A122D1C94D400327A42 /* ConvertCurrencyAPI.swift */; };
		58451A5D2D1C94D400327A42 /* HTTPMethod.swift in Sources */ = {isa = PBXBuildFile; fileRef = 58451A172D1C94D400327A42 /* HTTPMethod.swift */; };
		58451A5E2D1C94D400327A42 /* HTTPRequestBuilder.swift in Sources */ = {isa = PBXBuildFile; fileRef = 58451A182D1C94D400327A42 /* HTTPRequestBuilder.swift */; };
		58451A5F2D1C94D400327A42 /* HTTPRequestMaker.swift in Sources */ = {isa = PBXBuildFile; fileRef = 58451A192D1C94D400327A42 /* HTTPRequestMaker.swift */; };
		58451A602D1C94D400327A42 /* RequestBody.swift in Sources */ = {isa = PBXBuildFile; fileRef = 58451A1A2D1C94D400327A42 /* RequestBody.swift */; };
		58451A612D1C94D400327A42 /* RequestHeaders.swift in Sources */ = {isa = PBXBuildFile; fileRef = 58451A1B2D1C94D400327A42 /* RequestHeaders.swift */; };
		58451A622D1C94D400327A42 /* RequestParams.swift in Sources */ = {isa = PBXBuildFile; fileRef = 58451A1C2D1C94D400327A42 /* RequestParams.swift */; };
		58451A632D1C94D400327A42 /* HTTPResponseHandler.swift in Sources */ = {isa = PBXBuildFile; fileRef = 58451A1E2D1C94D400327A42 /* HTTPResponseHandler.swift */; };
		58451A652D1C94D400327A42 /* APIRequestConfigurator.swift in Sources */ = {isa = PBXBuildFile; fileRef = 58451A212D1C94D400327A42 /* APIRequestConfigurator.swift */; };
		58451A662D1C94D400327A42 /* DefaultErrorModel.swift in Sources */ = {isa = PBXBuildFile; fileRef = 58451A222D1C94D400327A42 /* DefaultErrorModel.swift */; };
		58451A672D1C94D400327A42 /* HTTPClient.swift in Sources */ = {isa = PBXBuildFile; fileRef = 58451A232D1C94D400327A42 /* HTTPClient.swift */; };
		58451A682D1C94D400327A42 /* HTTPClientAPI.swift in Sources */ = {isa = PBXBuildFile; fileRef = 58451A242D1C94D400327A42 /* HTTPClientAPI.swift */; };
		58451A692D1C94D400327A42 /* HTTPClientConfigurator.swift in Sources */ = {isa = PBXBuildFile; fileRef = 58451A252D1C94D400327A42 /* HTTPClientConfigurator.swift */; };
		58451A6A2D1C94D400327A42 /* ConvertCurrencyService.swift in Sources */ = {isa = PBXBuildFile; fileRef = 58451A282D1C94D400327A42 /* ConvertCurrencyService.swift */; };
		58ACECA72D498770001452DB /* XChangeItHome.framework in Frameworks */ = {isa = PBXBuildFile; fileRef = 58ACECA62D498770001452DB /* XChangeItHome.framework */; };
		58ACECA82D498770001452DB /* XChangeItHome.framework in Embed Frameworks */ = {isa = PBXBuildFile; fileRef = 58ACECA62D498770001452DB /* XChangeItHome.framework */; settings = {ATTRIBUTES = (CodeSignOnCopy, RemoveHeadersOnCopy, ); }; };
		58ACECAB2D498774001452DB /* XChangeItConvertCurrency.framework in Frameworks */ = {isa = PBXBuildFile; fileRef = 58ACECAA2D498774001452DB /* XChangeItConvertCurrency.framework */; };
		58ACECAC2D498774001452DB /* XChangeItConvertCurrency.framework in Embed Frameworks */ = {isa = PBXBuildFile; fileRef = 58ACECAA2D498774001452DB /* XChangeItConvertCurrency.framework */; settings = {ATTRIBUTES = (CodeSignOnCopy, RemoveHeadersOnCopy, ); }; };
		58ACECAE2D498778001452DB /* XChangeItCore.framework in Frameworks */ = {isa = PBXBuildFile; fileRef = 58ACECAD2D498778001452DB /* XChangeItCore.framework */; };
		58ACECAF2D498778001452DB /* XChangeItCore.framework in Embed Frameworks */ = {isa = PBXBuildFile; fileRef = 58ACECAD2D498778001452DB /* XChangeItCore.framework */; settings = {ATTRIBUTES = (CodeSignOnCopy, RemoveHeadersOnCopy, ); }; };
		58ACECB22D4988B4001452DB /* HomeConfigurator.swift in Sources */ = {isa = PBXBuildFile; fileRef = 58ACECB12D4988B4001452DB /* HomeConfigurator.swift */; };
		58ACECB42D4988E3001452DB /* ConvertCurrencyConfigurator.swift in Sources */ = {isa = PBXBuildFile; fileRef = 58ACECB32D4988E3001452DB /* ConvertCurrencyConfigurator.swift */; };
/* End PBXBuildFile section */

/* Begin PBXCopyFilesBuildPhase section */
		58ACECA92D498771001452DB /* Embed Frameworks */ = {
			isa = PBXCopyFilesBuildPhase;
			buildActionMask = 2147483647;
			dstPath = "";
			dstSubfolderSpec = 10;
			files = (
				58ACECA82D498770001452DB /* XChangeItHome.framework in Embed Frameworks */,
				58ACECAC2D498774001452DB /* XChangeItConvertCurrency.framework in Embed Frameworks */,
				58ACECAF2D498778001452DB /* XChangeItCore.framework in Embed Frameworks */,
			);
			name = "Embed Frameworks";
			runOnlyForDeploymentPostprocessing = 0;
		};
/* End PBXCopyFilesBuildPhase section */

/* Begin PBXFileReference section */
		584519C62D1C940200327A42 /* XChangeIt.app */ = {isa = PBXFileReference; explicitFileType = wrapper.application; includeInIndex = 0; path = XChangeIt.app; sourceTree = BUILT_PRODUCTS_DIR; };
		584519D72D1C940300327A42 /* Info.plist */ = {isa = PBXFileReference; lastKnownFileType = text.plist.xml; path = Info.plist; sourceTree = "<group>"; };
		584519F82D1C94D400327A42 /* MainCoordinator.swift */ = {isa = PBXFileReference; fileEncoding = 4; lastKnownFileType = sourcecode.swift; path = MainCoordinator.swift; sourceTree = "<group>"; };
		584519FA2D1C94D400327A42 /* AppContext.swift */ = {isa = PBXFileReference; fileEncoding = 4; lastKnownFileType = sourcecode.swift; path = AppContext.swift; sourceTree = "<group>"; };
		584519FC2D1C94D400327A42 /* AppDelegate.swift */ = {isa = PBXFileReference; fileEncoding = 4; lastKnownFileType = sourcecode.swift; path = AppDelegate.swift; sourceTree = "<group>"; };
		584519FD2D1C94D400327A42 /* SceneDelegate.swift */ = {isa = PBXFileReference; fileEncoding = 4; lastKnownFileType = sourcecode.swift; path = SceneDelegate.swift; sourceTree = "<group>"; };
		58451A0D2D1C94D400327A42 /* Assets.xcassets */ = {isa = PBXFileReference; lastKnownFileType = folder.assetcatalog; path = Assets.xcassets; sourceTree = "<group>"; };
		58451A0F2D1C94D400327A42 /* Base */ = {isa = PBXFileReference; lastKnownFileType = file.storyboard; name = Base; path = Base.lproj/LaunchScreen.storyboard; sourceTree = "<group>"; };
		58451A122D1C94D400327A42 /* ConvertCurrencyAPI.swift */ = {isa = PBXFileReference; fileEncoding = 4; lastKnownFileType = sourcecode.swift; path = ConvertCurrencyAPI.swift; sourceTree = "<group>"; };
		58451A172D1C94D400327A42 /* HTTPMethod.swift */ = {isa = PBXFileReference; fileEncoding = 4; lastKnownFileType = sourcecode.swift; path = HTTPMethod.swift; sourceTree = "<group>"; };
		58451A182D1C94D400327A42 /* HTTPRequestBuilder.swift */ = {isa = PBXFileReference; fileEncoding = 4; lastKnownFileType = sourcecode.swift; path = HTTPRequestBuilder.swift; sourceTree = "<group>"; };
		58451A192D1C94D400327A42 /* HTTPRequestMaker.swift */ = {isa = PBXFileReference; fileEncoding = 4; lastKnownFileType = sourcecode.swift; path = HTTPRequestMaker.swift; sourceTree = "<group>"; };
		58451A1A2D1C94D400327A42 /* RequestBody.swift */ = {isa = PBXFileReference; fileEncoding = 4; lastKnownFileType = sourcecode.swift; path = RequestBody.swift; sourceTree = "<group>"; };
		58451A1B2D1C94D400327A42 /* RequestHeaders.swift */ = {isa = PBXFileReference; fileEncoding = 4; lastKnownFileType = sourcecode.swift; path = RequestHeaders.swift; sourceTree = "<group>"; };
		58451A1C2D1C94D400327A42 /* RequestParams.swift */ = {isa = PBXFileReference; fileEncoding = 4; lastKnownFileType = sourcecode.swift; path = RequestParams.swift; sourceTree = "<group>"; };
		58451A1E2D1C94D400327A42 /* HTTPResponseHandler.swift */ = {isa = PBXFileReference; fileEncoding = 4; lastKnownFileType = sourcecode.swift; path = HTTPResponseHandler.swift; sourceTree = "<group>"; };
		58451A212D1C94D400327A42 /* APIRequestConfigurator.swift */ = {isa = PBXFileReference; fileEncoding = 4; lastKnownFileType = sourcecode.swift; path = APIRequestConfigurator.swift; sourceTree = "<group>"; };
		58451A222D1C94D400327A42 /* DefaultErrorModel.swift */ = {isa = PBXFileReference; fileEncoding = 4; lastKnownFileType = sourcecode.swift; path = DefaultErrorModel.swift; sourceTree = "<group>"; };
		58451A232D1C94D400327A42 /* HTTPClient.swift */ = {isa = PBXFileReference; fileEncoding = 4; lastKnownFileType = sourcecode.swift; path = HTTPClient.swift; sourceTree = "<group>"; };
		58451A242D1C94D400327A42 /* HTTPClientAPI.swift */ = {isa = PBXFileReference; fileEncoding = 4; lastKnownFileType = sourcecode.swift; path = HTTPClientAPI.swift; sourceTree = "<group>"; };
		58451A252D1C94D400327A42 /* HTTPClientConfigurator.swift */ = {isa = PBXFileReference; fileEncoding = 4; lastKnownFileType = sourcecode.swift; path = HTTPClientConfigurator.swift; sourceTree = "<group>"; };
		58451A282D1C94D400327A42 /* ConvertCurrencyService.swift */ = {isa = PBXFileReference; fileEncoding = 4; lastKnownFileType = sourcecode.swift; path = ConvertCurrencyService.swift; sourceTree = "<group>"; };
		58ACECA62D498770001452DB /* XChangeItHome.framework */ = {isa = PBXFileReference; explicitFileType = wrapper.framework; path = XChangeItHome.framework; sourceTree = BUILT_PRODUCTS_DIR; };
		58ACECAA2D498774001452DB /* XChangeItConvertCurrency.framework */ = {isa = PBXFileReference; explicitFileType = wrapper.framework; path = XChangeItConvertCurrency.framework; sourceTree = BUILT_PRODUCTS_DIR; };
		58ACECAD2D498778001452DB /* XChangeItCore.framework */ = {isa = PBXFileReference; explicitFileType = wrapper.framework; path = XChangeItCore.framework; sourceTree = BUILT_PRODUCTS_DIR; };
		58ACECB12D4988B4001452DB /* HomeConfigurator.swift */ = {isa = PBXFileReference; lastKnownFileType = sourcecode.swift; path = HomeConfigurator.swift; sourceTree = "<group>"; };
		58ACECB32D4988E3001452DB /* ConvertCurrencyConfigurator.swift */ = {isa = PBXFileReference; lastKnownFileType = sourcecode.swift; path = ConvertCurrencyConfigurator.swift; sourceTree = "<group>"; };
/* End PBXFileReference section */

/* Begin PBXFrameworksBuildPhase section */
		584519C32D1C940200327A42 /* Frameworks */ = {
			isa = PBXFrameworksBuildPhase;
			buildActionMask = 2147483647;
			files = (
				58ACECA72D498770001452DB /* XChangeItHome.framework in Frameworks */,
				58ACECAB2D498774001452DB /* XChangeItConvertCurrency.framework in Frameworks */,
				58ACECAE2D498778001452DB /* XChangeItCore.framework in Frameworks */,
			);
			runOnlyForDeploymentPostprocessing = 0;
		};
/* End PBXFrameworksBuildPhase section */

/* Begin PBXGroup section */
		584519BD2D1C940200327A42 = {
			isa = PBXGroup;
			children = (
				584519C82D1C940200327A42 /* XChangeIt */,
				584519C72D1C940200327A42 /* Products */,
				58ACECA52D498770001452DB /* Frameworks */,
			);
			sourceTree = "<group>";
		};
		584519C72D1C940200327A42 /* Products */ = {
			isa = PBXGroup;
			children = (
				584519C62D1C940200327A42 /* XChangeIt.app */,
			);
			name = Products;
			sourceTree = "<group>";
		};
		584519C82D1C940200327A42 /* XChangeIt */ = {
			isa = PBXGroup;
			children = (
				584519FB2D1C94D400327A42 /* AppContext */,
				584519F92D1C94D400327A42 /* Navigation */,
				584519F72D1C94D400327A42 /* Screens */,
				58451A2A2D1C94D400327A42 /* Services */,
				58ACED6A2D4A7A9E001452DB /* Infrastructure */,
				58451A112D1C94D400327A42 /* Resources */,
				584519FE2D1C94D400327A42 /* Application */,
			);
			path = XChangeIt;
			sourceTree = "<group>";
		};
		584519F72D1C94D400327A42 /* Screens */ = {
			isa = PBXGroup;
			children = (
				58ACECB02D4988A4001452DB /* HomeFlow */,
			);
			path = Screens;
			sourceTree = "<group>";
		};
		584519F92D1C94D400327A42 /* Navigation */ = {
			isa = PBXGroup;
			children = (
				584519F82D1C94D400327A42 /* MainCoordinator.swift */,
			);
			path = Navigation;
			sourceTree = "<group>";
		};
		584519FB2D1C94D400327A42 /* AppContext */ = {
			isa = PBXGroup;
			children = (
				584519FA2D1C94D400327A42 /* AppContext.swift */,
			);
			path = AppContext;
			sourceTree = "<group>";
		};
		584519FE2D1C94D400327A42 /* Application */ = {
			isa = PBXGroup;
			children = (
				584519FC2D1C94D400327A42 /* AppDelegate.swift */,
				584519FD2D1C94D400327A42 /* SceneDelegate.swift */,
			);
			path = Application;
			sourceTree = "<group>";
		};
		58451A112D1C94D400327A42 /* Resources */ = {
			isa = PBXGroup;
			children = (
				58451A0D2D1C94D400327A42 /* Assets.xcassets */,
				58451A102D1C94D400327A42 /* LaunchScreen.storyboard */,
				584519D72D1C940300327A42 /* Info.plist */,
			);
			path = Resources;
			sourceTree = "<group>";
		};
		58451A1D2D1C94D400327A42 /* URLRequest */ = {
			isa = PBXGroup;
			children = (
				58451A172D1C94D400327A42 /* HTTPMethod.swift */,
				58451A182D1C94D400327A42 /* HTTPRequestBuilder.swift */,
				58451A192D1C94D400327A42 /* HTTPRequestMaker.swift */,
				58451A1A2D1C94D400327A42 /* RequestBody.swift */,
				58451A1B2D1C94D400327A42 /* RequestHeaders.swift */,
				58451A1C2D1C94D400327A42 /* RequestParams.swift */,
			);
			path = URLRequest;
			sourceTree = "<group>";
		};
		58451A202D1C94D400327A42 /* URLResponse */ = {
			isa = PBXGroup;
			children = (
				58451A1E2D1C94D400327A42 /* HTTPResponseHandler.swift */,
			);
			path = URLResponse;
			sourceTree = "<group>";
		};
		58451A262D1C94D400327A42 /* NetworkClient */ = {
			isa = PBXGroup;
			children = (
				58451A1D2D1C94D400327A42 /* URLRequest */,
				58451A202D1C94D400327A42 /* URLResponse */,
				58451A212D1C94D400327A42 /* APIRequestConfigurator.swift */,
				58451A222D1C94D400327A42 /* DefaultErrorModel.swift */,
				58451A232D1C94D400327A42 /* HTTPClient.swift */,
				58451A242D1C94D400327A42 /* HTTPClientAPI.swift */,
				58451A252D1C94D400327A42 /* HTTPClientConfigurator.swift */,
			);
			path = NetworkClient;
			sourceTree = "<group>";
		};
		58451A292D1C94D400327A42 /* HomeFlow */ = {
			isa = PBXGroup;
			children = (
				58451A122D1C94D400327A42 /* ConvertCurrencyAPI.swift */,
				58451A282D1C94D400327A42 /* ConvertCurrencyService.swift */,
			);
			path = HomeFlow;
			sourceTree = "<group>";
		};
		58451A2A2D1C94D400327A42 /* Services */ = {
			isa = PBXGroup;
			children = (
				58451A292D1C94D400327A42 /* HomeFlow */,
			);
			path = Services;
			sourceTree = "<group>";
		};
		58ACECA52D498770001452DB /* Frameworks */ = {
			isa = PBXGroup;
			children = (
				58ACECAD2D498778001452DB /* XChangeItCore.framework */,
				58ACECAA2D498774001452DB /* XChangeItConvertCurrency.framework */,
				58ACECA62D498770001452DB /* XChangeItHome.framework */,
			);
			name = Frameworks;
			sourceTree = "<group>";
		};
		58ACECB02D4988A4001452DB /* HomeFlow */ = {
			isa = PBXGroup;
			children = (
				58ACECB12D4988B4001452DB /* HomeConfigurator.swift */,
				58ACECB32D4988E3001452DB /* ConvertCurrencyConfigurator.swift */,
			);
			path = HomeFlow;
			sourceTree = "<group>";
		};
		58ACED6A2D4A7A9E001452DB /* Infrastructure */ = {
			isa = PBXGroup;
			children = (
				58451A262D1C94D400327A42 /* NetworkClient */,
			);
			path = Infrastructure;
			sourceTree = "<group>";
		};
/* End PBXGroup section */

/* Begin PBXNativeTarget section */
		584519C52D1C940200327A42 /* XChangeIt */ = {
			isa = PBXNativeTarget;
			buildConfigurationList = 584519DA2D1C940300327A42 /* Build configuration list for PBXNativeTarget "XChangeIt" */;
			buildPhases = (
				584519C22D1C940200327A42 /* Sources */,
				584519C32D1C940200327A42 /* Frameworks */,
				584519C42D1C940200327A42 /* Resources */,
				58ACECA92D498771001452DB /* Embed Frameworks */,
			);
			buildRules = (
			);
			dependencies = (
			);
			name = XChangeIt;
			productName = XChangeIt;
			productReference = 584519C62D1C940200327A42 /* XChangeIt.app */;
			productType = "com.apple.product-type.application";
		};
/* End PBXNativeTarget section */

/* Begin PBXProject section */
		584519BE2D1C940200327A42 /* Project object */ = {
			isa = PBXProject;
			attributes = {
				BuildIndependentTargetsInParallel = 1;
				LastSwiftUpdateCheck = 1530;
				LastUpgradeCheck = 1530;
				TargetAttributes = {
					584519C52D1C940200327A42 = {
						CreatedOnToolsVersion = 15.3;
					};
				};
			};
			buildConfigurationList = 584519C12D1C940200327A42 /* Build configuration list for PBXProject "XChangeIt" */;
			compatibilityVersion = "Xcode 14.0";
			developmentRegion = en;
			hasScannedForEncodings = 0;
			knownRegions = (
				en,
				Base,
			);
			mainGroup = 584519BD2D1C940200327A42;
			productRefGroup = 584519C72D1C940200327A42 /* Products */;
			projectDirPath = "";
			projectRoot = "";
			targets = (
				584519C52D1C940200327A42 /* XChangeIt */,
			);
		};
/* End PBXProject section */

/* Begin PBXResourcesBuildPhase section */
		584519C42D1C940200327A42 /* Resources */ = {
			isa = PBXResourcesBuildPhase;
			buildActionMask = 2147483647;
			files = (
				58451A582D1C94D400327A42 /* Assets.xcassets in Resources */,
				58451A5A2D1C94D400327A42 /* LaunchScreen.storyboard in Resources */,
			);
			runOnlyForDeploymentPostprocessing = 0;
		};
/* End PBXResourcesBuildPhase section */

/* Begin PBXSourcesBuildPhase section */
		584519C22D1C940200327A42 /* Sources */ = {
			isa = PBXSourcesBuildPhase;
			buildActionMask = 2147483647;
			files = (
				58451A492D1C94D400327A42 /* MainCoordinator.swift in Sources */,
				58451A4A2D1C94D400327A42 /* AppContext.swift in Sources */,
				58451A5E2D1C94D400327A42 /* HTTPRequestBuilder.swift in Sources */,
				58451A5F2D1C94D400327A42 /* HTTPRequestMaker.swift in Sources */,
				58451A652D1C94D400327A42 /* APIRequestConfigurator.swift in Sources */,
				58451A5D2D1C94D400327A42 /* HTTPMethod.swift in Sources */,
				58451A612D1C94D400327A42 /* RequestHeaders.swift in Sources */,
				58451A662D1C94D400327A42 /* DefaultErrorModel.swift in Sources */,
				58451A692D1C94D400327A42 /* HTTPClientConfigurator.swift in Sources */,
				58451A682D1C94D400327A42 /* HTTPClientAPI.swift in Sources */,
				58451A6A2D1C94D400327A42 /* ConvertCurrencyService.swift in Sources */,
				58451A632D1C94D400327A42 /* HTTPResponseHandler.swift in Sources */,
				58451A622D1C94D400327A42 /* RequestParams.swift in Sources */,
				58451A602D1C94D400327A42 /* RequestBody.swift in Sources */,
				58451A4B2D1C94D400327A42 /* AppDelegate.swift in Sources */,
				58ACECB42D4988E3001452DB /* ConvertCurrencyConfigurator.swift in Sources */,
				58451A4C2D1C94D400327A42 /* SceneDelegate.swift in Sources */,
				58ACECB22D4988B4001452DB /* HomeConfigurator.swift in Sources */,
				58451A672D1C94D400327A42 /* HTTPClient.swift in Sources */,
				58451A5B2D1C94D400327A42 /* ConvertCurrencyAPI.swift in Sources */,
			);
			runOnlyForDeploymentPostprocessing = 0;
		};
/* End PBXSourcesBuildPhase section */

/* Begin PBXVariantGroup section */
		58451A102D1C94D400327A42 /* LaunchScreen.storyboard */ = {
			isa = PBXVariantGroup;
			children = (
				58451A0F2D1C94D400327A42 /* Base */,
			);
			name = LaunchScreen.storyboard;
			sourceTree = "<group>";
		};
/* End PBXVariantGroup section */

/* Begin XCBuildConfiguration section */
		584519D82D1C940300327A42 /* Debug */ = {
			isa = XCBuildConfiguration;
			buildSettings = {
				ALWAYS_SEARCH_USER_PATHS = NO;
				ASSETCATALOG_COMPILER_GENERATE_SWIFT_ASSET_SYMBOL_EXTENSIONS = YES;
				CLANG_ANALYZER_NONNULL = YES;
				CLANG_ANALYZER_NUMBER_OBJECT_CONVERSION = YES_AGGRESSIVE;
				CLANG_CXX_LANGUAGE_STANDARD = "gnu++20";
				CLANG_ENABLE_MODULES = YES;
				CLANG_ENABLE_OBJC_ARC = YES;
				CLANG_ENABLE_OBJC_WEAK = YES;
				CLANG_WARN_BLOCK_CAPTURE_AUTORELEASING = YES;
				CLANG_WARN_BOOL_CONVERSION = YES;
				CLANG_WARN_COMMA = YES;
				CLANG_WARN_CONSTANT_CONVERSION = YES;
				CLANG_WARN_DEPRECATED_OBJC_IMPLEMENTATIONS = YES;
				CLANG_WARN_DIRECT_OBJC_ISA_USAGE = YES_ERROR;
				CLANG_WARN_DOCUMENTATION_COMMENTS = YES;
				CLANG_WARN_EMPTY_BODY = YES;
				CLANG_WARN_ENUM_CONVERSION = YES;
				CLANG_WARN_INFINITE_RECURSION = YES;
				CLANG_WARN_INT_CONVERSION = YES;
				CLANG_WARN_NON_LITERAL_NULL_CONVERSION = YES;
				CLANG_WARN_OBJC_IMPLICIT_RETAIN_SELF = YES;
				CLANG_WARN_OBJC_LITERAL_CONVERSION = YES;
				CLANG_WARN_OBJC_ROOT_CLASS = YES_ERROR;
				CLANG_WARN_QUOTED_INCLUDE_IN_FRAMEWORK_HEADER = YES;
				CLANG_WARN_RANGE_LOOP_ANALYSIS = YES;
				CLANG_WARN_STRICT_PROTOTYPES = YES;
				CLANG_WARN_SUSPICIOUS_MOVE = YES;
				CLANG_WARN_UNGUARDED_AVAILABILITY = YES_AGGRESSIVE;
				CLANG_WARN_UNREACHABLE_CODE = YES;
				CLANG_WARN__DUPLICATE_METHOD_MATCH = YES;
				COPY_PHASE_STRIP = NO;
				DEBUG_INFORMATION_FORMAT = dwarf;
				ENABLE_STRICT_OBJC_MSGSEND = YES;
				ENABLE_TESTABILITY = YES;
				ENABLE_USER_SCRIPT_SANDBOXING = YES;
				GCC_C_LANGUAGE_STANDARD = gnu17;
				GCC_DYNAMIC_NO_PIC = NO;
				GCC_NO_COMMON_BLOCKS = YES;
				GCC_OPTIMIZATION_LEVEL = 0;
				GCC_PREPROCESSOR_DEFINITIONS = (
					"DEBUG=1",
					"$(inherited)",
				);
				GCC_WARN_64_TO_32_BIT_CONVERSION = YES;
				GCC_WARN_ABOUT_RETURN_TYPE = YES_ERROR;
				GCC_WARN_UNDECLARED_SELECTOR = YES;
				GCC_WARN_UNINITIALIZED_AUTOS = YES_AGGRESSIVE;
				GCC_WARN_UNUSED_FUNCTION = YES;
				GCC_WARN_UNUSED_VARIABLE = YES;
				IPHONEOS_DEPLOYMENT_TARGET = 17.4;
				LOCALIZATION_PREFERS_STRING_CATALOGS = YES;
				MTL_ENABLE_DEBUG_INFO = INCLUDE_SOURCE;
				MTL_FAST_MATH = YES;
				ONLY_ACTIVE_ARCH = YES;
				SDKROOT = iphoneos;
				SWIFT_ACTIVE_COMPILATION_CONDITIONS = "DEBUG $(inherited)";
				SWIFT_OPTIMIZATION_LEVEL = "-Onone";
			};
			name = Debug;
		};
		584519D92D1C940300327A42 /* Release */ = {
			isa = XCBuildConfiguration;
			buildSettings = {
				ALWAYS_SEARCH_USER_PATHS = NO;
				ASSETCATALOG_COMPILER_GENERATE_SWIFT_ASSET_SYMBOL_EXTENSIONS = YES;
				CLANG_ANALYZER_NONNULL = YES;
				CLANG_ANALYZER_NUMBER_OBJECT_CONVERSION = YES_AGGRESSIVE;
				CLANG_CXX_LANGUAGE_STANDARD = "gnu++20";
				CLANG_ENABLE_MODULES = YES;
				CLANG_ENABLE_OBJC_ARC = YES;
				CLANG_ENABLE_OBJC_WEAK = YES;
				CLANG_WARN_BLOCK_CAPTURE_AUTORELEASING = YES;
				CLANG_WARN_BOOL_CONVERSION = YES;
				CLANG_WARN_COMMA = YES;
				CLANG_WARN_CONSTANT_CONVERSION = YES;
				CLANG_WARN_DEPRECATED_OBJC_IMPLEMENTATIONS = YES;
				CLANG_WARN_DIRECT_OBJC_ISA_USAGE = YES_ERROR;
				CLANG_WARN_DOCUMENTATION_COMMENTS = YES;
				CLANG_WARN_EMPTY_BODY = YES;
				CLANG_WARN_ENUM_CONVERSION = YES;
				CLANG_WARN_INFINITE_RECURSION = YES;
				CLANG_WARN_INT_CONVERSION = YES;
				CLANG_WARN_NON_LITERAL_NULL_CONVERSION = YES;
				CLANG_WARN_OBJC_IMPLICIT_RETAIN_SELF = YES;
				CLANG_WARN_OBJC_LITERAL_CONVERSION = YES;
				CLANG_WARN_OBJC_ROOT_CLASS = YES_ERROR;
				CLANG_WARN_QUOTED_INCLUDE_IN_FRAMEWORK_HEADER = YES;
				CLANG_WARN_RANGE_LOOP_ANALYSIS = YES;
				CLANG_WARN_STRICT_PROTOTYPES = YES;
				CLANG_WARN_SUSPICIOUS_MOVE = YES;
				CLANG_WARN_UNGUARDED_AVAILABILITY = YES_AGGRESSIVE;
				CLANG_WARN_UNREACHABLE_CODE = YES;
				CLANG_WARN__DUPLICATE_METHOD_MATCH = YES;
				COPY_PHASE_STRIP = NO;
				DEBUG_INFORMATION_FORMAT = "dwarf-with-dsym";
				ENABLE_NS_ASSERTIONS = NO;
				ENABLE_STRICT_OBJC_MSGSEND = YES;
				ENABLE_USER_SCRIPT_SANDBOXING = YES;
				GCC_C_LANGUAGE_STANDARD = gnu17;
				GCC_NO_COMMON_BLOCKS = YES;
				GCC_WARN_64_TO_32_BIT_CONVERSION = YES;
				GCC_WARN_ABOUT_RETURN_TYPE = YES_ERROR;
				GCC_WARN_UNDECLARED_SELECTOR = YES;
				GCC_WARN_UNINITIALIZED_AUTOS = YES_AGGRESSIVE;
				GCC_WARN_UNUSED_FUNCTION = YES;
				GCC_WARN_UNUSED_VARIABLE = YES;
				IPHONEOS_DEPLOYMENT_TARGET = 17.4;
				LOCALIZATION_PREFERS_STRING_CATALOGS = YES;
				MTL_ENABLE_DEBUG_INFO = NO;
				MTL_FAST_MATH = YES;
				SDKROOT = iphoneos;
				SWIFT_COMPILATION_MODE = wholemodule;
				VALIDATE_PRODUCT = YES;
			};
			name = Release;
		};
		584519DB2D1C940300327A42 /* Debug */ = {
			isa = XCBuildConfiguration;
			buildSettings = {
				ASSETCATALOG_COMPILER_APPICON_NAME = AppIcon;
				ASSETCATALOG_COMPILER_GLOBAL_ACCENT_COLOR_NAME = AccentColor;
				CODE_SIGN_STYLE = Automatic;
				CURRENT_PROJECT_VERSION = 1;
				GENERATE_INFOPLIST_FILE = YES;
				INFOPLIST_FILE = XChangeIt/Resources/Info.plist;
				INFOPLIST_KEY_LSApplicationCategoryType = "public.app-category.finance";
				INFOPLIST_KEY_UIApplicationSupportsIndirectInputEvents = YES;
				INFOPLIST_KEY_UILaunchStoryboardName = LaunchScreen;
				INFOPLIST_KEY_UISupportedInterfaceOrientations = UIInterfaceOrientationPortrait;
				IPHONEOS_DEPLOYMENT_TARGET = 15.0;
				LD_RUNPATH_SEARCH_PATHS = (
					"$(inherited)",
					"@executable_path/Frameworks",
				);
				MARKETING_VERSION = 1.0.2;
				PRODUCT_BUNDLE_IDENTIFIER = org.10ec7515b1285f91.XChangeIt;
				PRODUCT_NAME = "$(TARGET_NAME)";
				SUPPORTED_PLATFORMS = "iphoneos iphonesimulator";
				SUPPORTS_MACCATALYST = NO;
				SUPPORTS_MAC_DESIGNED_FOR_IPHONE_IPAD = NO;
				SUPPORTS_XR_DESIGNED_FOR_IPHONE_IPAD = NO;
				SWIFT_EMIT_LOC_STRINGS = YES;
				SWIFT_VERSION = 5.0;
				TARGETED_DEVICE_FAMILY = "1,2";
			};
			name = Debug;
		};
		584519DC2D1C940300327A42 /* Release */ = {
			isa = XCBuildConfiguration;
			buildSettings = {
				ASSETCATALOG_COMPILER_APPICON_NAME = AppIcon;
				ASSETCATALOG_COMPILER_GLOBAL_ACCENT_COLOR_NAME = AccentColor;
				CODE_SIGN_STYLE = Automatic;
				CURRENT_PROJECT_VERSION = 1;
				GENERATE_INFOPLIST_FILE = YES;
				INFOPLIST_FILE = XChangeIt/Resources/Info.plist;
				INFOPLIST_KEY_LSApplicationCategoryType = "public.app-category.finance";
				INFOPLIST_KEY_UIApplicationSupportsIndirectInputEvents = YES;
				INFOPLIST_KEY_UILaunchStoryboardName = LaunchScreen;
				INFOPLIST_KEY_UISupportedInterfaceOrientations = UIInterfaceOrientationPortrait;
				IPHONEOS_DEPLOYMENT_TARGET = 15.0;
				LD_RUNPATH_SEARCH_PATHS = (
					"$(inherited)",
					"@executable_path/Frameworks",
				);
				MARKETING_VERSION = 1.0.2;
				PRODUCT_BUNDLE_IDENTIFIER = org.10ec7515b1285f91.XChangeIt;
				PRODUCT_NAME = "$(TARGET_NAME)";
				SUPPORTED_PLATFORMS = "iphoneos iphonesimulator";
				SUPPORTS_MACCATALYST = NO;
				SUPPORTS_MAC_DESIGNED_FOR_IPHONE_IPAD = NO;
				SUPPORTS_XR_DESIGNED_FOR_IPHONE_IPAD = NO;
				SWIFT_EMIT_LOC_STRINGS = YES;
				SWIFT_VERSION = 5.0;
				TARGETED_DEVICE_FAMILY = "1,2";
			};
			name = Release;
		};
/* End XCBuildConfiguration section */

/* Begin XCConfigurationList section */
		584519C12D1C940200327A42 /* Build configuration list for PBXProject "XChangeIt" */ = {
			isa = XCConfigurationList;
			buildConfigurations = (
				584519D82D1C940300327A42 /* Debug */,
				584519D92D1C940300327A42 /* Release */,
			);
			defaultConfigurationIsVisible = 0;
			defaultConfigurationName = Release;
		};
		584519DA2D1C940300327A42 /* Build configuration list for PBXNativeTarget "XChangeIt" */ = {
			isa = XCConfigurationList;
			buildConfigurations = (
				584519DB2D1C940300327A42 /* Debug */,
				584519DC2D1C940300327A42 /* Release */,
			);
			defaultConfigurationIsVisible = 0;
			defaultConfigurationName = Release;
		};
/* End XCConfigurationList section */
	};
	rootObject = 584519BE2D1C940200327A42 /* Project object */;
}
