// !$*UTF8*$!
{
	archiveVersion = 1;
	classes = {
	};
	objectVersion = 56;
	objects = {

/* Begin PBXBuildFile section */
		58AD52B22D0F249A00986CA6 /* String+KeyboardInput.swift in Sources */ = {isa = PBXBuildFile; fileRef = 58AD52B12D0F249A00986CA6 /* String+KeyboardInput.swift */; };
		58AD52B42D0F2D5B00986CA6 /* DigitalKeyboardSymbols.swift in Sources */ = {isa = PBXBuildFile; fileRef = 58AD52B32D0F2D5B00986CA6 /* DigitalKeyboardSymbols.swift */; };
		58AD52B72D0F7A9A00986CA6 /* MainCoordinator.swift in Sources */ = {isa = PBXBuildFile; fileRef = 58AD52B62D0F7A9A00986CA6 /* MainCoordinator.swift */; };
		58AD52B92D0F7AE400986CA6 /* ConvertCurrencyConfigurator.swift in Sources */ = {isa = PBXBuildFile; fileRef = 58AD52B82D0F7AE400986CA6 /* ConvertCurrencyConfigurator.swift */; };
		58AD52BB2D0F7C0E00986CA6 /* HomeConfigurator.swift in Sources */ = {isa = PBXBuildFile; fileRef = 58AD52BA2D0F7C0E00986CA6 /* HomeConfigurator.swift */; };
		58AD52BE2D0F812500986CA6 /* AppContext.swift in Sources */ = {isa = PBXBuildFile; fileRef = 58AD52BD2D0F812500986CA6 /* AppContext.swift */; };
		58AD52C72D0F8DA100986CA6 /* ConvertCurrencyAPI.swift in Sources */ = {isa = PBXBuildFile; fileRef = 58AD52C62D0F8DA100986CA6 /* ConvertCurrencyAPI.swift */; };
		58AD52C92D0F8DE800986CA6 /* ConvertCurrencyService.swift in Sources */ = {isa = PBXBuildFile; fileRef = 58AD52C82D0F8DE800986CA6 /* ConvertCurrencyService.swift */; };
		58AD52CC2D0F8E5A00986CA6 /* ConvertCurrencyServiceInterface.swift in Sources */ = {isa = PBXBuildFile; fileRef = 58AD52CB2D0F8E5A00986CA6 /* ConvertCurrencyServiceInterface.swift */; };
		58AD52CE2D0F910D00986CA6 /* ConvertCurrencyResponse.swift in Sources */ = {isa = PBXBuildFile; fileRef = 58AD52CD2D0F910D00986CA6 /* ConvertCurrencyResponse.swift */; };
		58AD52D02D0F932D00986CA6 /* HTTPClient.swift in Sources */ = {isa = PBXBuildFile; fileRef = 58AD52CF2D0F932D00986CA6 /* HTTPClient.swift */; };
		58AD52D32D0FACE200986CA6 /* HTTPStatusCode.swift in Sources */ = {isa = PBXBuildFile; fileRef = 58AD52D22D0FACE200986CA6 /* HTTPStatusCode.swift */; };
		58AD52D52D0FACED00986CA6 /* HTTPResponseHandler.swift in Sources */ = {isa = PBXBuildFile; fileRef = 58AD52D42D0FACED00986CA6 /* HTTPResponseHandler.swift */; };
		58AD52D82D0FAD2D00986CA6 /* HTTPMethod.swift in Sources */ = {isa = PBXBuildFile; fileRef = 58AD52D72D0FAD2D00986CA6 /* HTTPMethod.swift */; };
		58AD52DA2D0FAD3500986CA6 /* RequestParams.swift in Sources */ = {isa = PBXBuildFile; fileRef = 58AD52D92D0FAD3500986CA6 /* RequestParams.swift */; };
		58AD52DC2D0FAD3F00986CA6 /* RequestBody.swift in Sources */ = {isa = PBXBuildFile; fileRef = 58AD52DB2D0FAD3F00986CA6 /* RequestBody.swift */; };
		58AD52DE2D0FAD4700986CA6 /* RequestHeaders.swift in Sources */ = {isa = PBXBuildFile; fileRef = 58AD52DD2D0FAD4700986CA6 /* RequestHeaders.swift */; };
		58AD52E02D0FAD5100986CA6 /* HTTPRequestBuilder.swift in Sources */ = {isa = PBXBuildFile; fileRef = 58AD52DF2D0FAD5100986CA6 /* HTTPRequestBuilder.swift */; };
		58AD52E22D0FAD5B00986CA6 /* HTTPRequestMaker.swift in Sources */ = {isa = PBXBuildFile; fileRef = 58AD52E12D0FAD5B00986CA6 /* HTTPRequestMaker.swift */; };
		58AD52E52D0FAE0F00986CA6 /* NetworkingError.swift in Sources */ = {isa = PBXBuildFile; fileRef = 58AD52E42D0FAE0F00986CA6 /* NetworkingError.swift */; };
		58AD52E72D0FAE4F00986CA6 /* Dictionary+JSON.swift in Sources */ = {isa = PBXBuildFile; fileRef = 58AD52E62D0FAE4F00986CA6 /* Dictionary+JSON.swift */; };
		58AD52E92D0FAE6900986CA6 /* Bundle+Networking.swift in Sources */ = {isa = PBXBuildFile; fileRef = 58AD52E82D0FAE6900986CA6 /* Bundle+Networking.swift */; };
		58AD52EB2D0FAE8D00986CA6 /* HTTPClientAPI.swift in Sources */ = {isa = PBXBuildFile; fileRef = 58AD52EA2D0FAE8D00986CA6 /* HTTPClientAPI.swift */; };
		58AD52ED2D0FAE9E00986CA6 /* DefaultErrorModel.swift in Sources */ = {isa = PBXBuildFile; fileRef = 58AD52EC2D0FAE9E00986CA6 /* DefaultErrorModel.swift */; };
		58AD52EF2D0FAEBB00986CA6 /* APIRequestConfigurator.swift in Sources */ = {isa = PBXBuildFile; fileRef = 58AD52EE2D0FAEBB00986CA6 /* APIRequestConfigurator.swift */; };
		58AD52F12D0FAEE400986CA6 /* HTTPClientConfigurator.swift in Sources */ = {isa = PBXBuildFile; fileRef = 58AD52F02D0FAEE400986CA6 /* HTTPClientConfigurator.swift */; };
		58E5D1B22D0C740A000E39B4 /* AppDelegate.swift in Sources */ = {isa = PBXBuildFile; fileRef = 58E5D1B12D0C740A000E39B4 /* AppDelegate.swift */; };
		58E5D1B42D0C740A000E39B4 /* SceneDelegate.swift in Sources */ = {isa = PBXBuildFile; fileRef = 58E5D1B32D0C740A000E39B4 /* SceneDelegate.swift */; };
		58E5D1B62D0C740A000E39B4 /* HomeViewController.swift in Sources */ = {isa = PBXBuildFile; fileRef = 58E5D1B52D0C740A000E39B4 /* HomeViewController.swift */; };
		58E5D1BB2D0C740B000E39B4 /* Assets.xcassets in Resources */ = {isa = PBXBuildFile; fileRef = 58E5D1BA2D0C740B000E39B4 /* Assets.xcassets */; };
		58E5D1BE2D0C740B000E39B4 /* Base in Resources */ = {isa = PBXBuildFile; fileRef = 58E5D1BD2D0C740B000E39B4 /* Base */; };
		58E5D1C82D0C7E7F000E39B4 /* ConvertCurrencyViewController.swift in Sources */ = {isa = PBXBuildFile; fileRef = 58E5D1C72D0C7E7F000E39B4 /* ConvertCurrencyViewController.swift */; };
		58E5D1CD2D0C826B000E39B4 /* UIColor+AppColors.swift in Sources */ = {isa = PBXBuildFile; fileRef = 58E5D1CC2D0C826B000E39B4 /* UIColor+AppColors.swift */; };
		58E5D1D62D0C8BBC000E39B4 /* ReadexPro-Regular.ttf in Resources */ = {isa = PBXBuildFile; fileRef = 58E5D1CF2D0C8BBC000E39B4 /* ReadexPro-Regular.ttf */; };
		58E5D1D72D0C8BBC000E39B4 /* ReadexPro-Medium.ttf in Resources */ = {isa = PBXBuildFile; fileRef = 58E5D1D02D0C8BBC000E39B4 /* ReadexPro-Medium.ttf */; };
		58E5D1D82D0C8BBC000E39B4 /* ReadexPro-Variable.ttf in Resources */ = {isa = PBXBuildFile; fileRef = 58E5D1D12D0C8BBC000E39B4 /* ReadexPro-Variable.ttf */; };
		58E5D1D92D0C8BBC000E39B4 /* ReadexPro-Light.ttf in Resources */ = {isa = PBXBuildFile; fileRef = 58E5D1D22D0C8BBC000E39B4 /* ReadexPro-Light.ttf */; };
		58E5D1DA2D0C8BBC000E39B4 /* ReadexPro-ExtraLight.ttf in Resources */ = {isa = PBXBuildFile; fileRef = 58E5D1D32D0C8BBC000E39B4 /* ReadexPro-ExtraLight.ttf */; };
		58E5D1DB2D0C8BBC000E39B4 /* ReadexPro-SemiBold.ttf in Resources */ = {isa = PBXBuildFile; fileRef = 58E5D1D42D0C8BBC000E39B4 /* ReadexPro-SemiBold.ttf */; };
		58E5D1DC2D0C8BBC000E39B4 /* ReadexPro-Bold.ttf in Resources */ = {isa = PBXBuildFile; fileRef = 58E5D1D52D0C8BBC000E39B4 /* ReadexPro-Bold.ttf */; };
		58E5D1DE2D0C8C43000E39B4 /* UIFont+AppFont.swift in Sources */ = {isa = PBXBuildFile; fileRef = 58E5D1DD2D0C8C43000E39B4 /* UIFont+AppFont.swift */; };
		58E5D1EA2D0CBD04000E39B4 /* UIViewController+Header.swift in Sources */ = {isa = PBXBuildFile; fileRef = 58E5D1E92D0CBD04000E39B4 /* UIViewController+Header.swift */; };
		58E5D1ED2D0CBEEB000E39B4 /* ConvertAmountView.swift in Sources */ = {isa = PBXBuildFile; fileRef = 58E5D1EC2D0CBEEB000E39B4 /* ConvertAmountView.swift */; };
		58E5D1EF2D0CC613000E39B4 /* ReceivedAmountCardView.swift in Sources */ = {isa = PBXBuildFile; fileRef = 58E5D1EE2D0CC613000E39B4 /* ReceivedAmountCardView.swift */; };
		58E5D1F12D0CC918000E39B4 /* UIView+Shadow.swift in Sources */ = {isa = PBXBuildFile; fileRef = 58E5D1F02D0CC918000E39B4 /* UIView+Shadow.swift */; };
		58E5D1F32D0CCFEF000E39B4 /* ConvertCurrenciesTypeCardView.swift in Sources */ = {isa = PBXBuildFile; fileRef = 58E5D1F22D0CCFEF000E39B4 /* ConvertCurrenciesTypeCardView.swift */; };
		58E5D1F52D0CD02B000E39B4 /* UIApplication+Inset.swift in Sources */ = {isa = PBXBuildFile; fileRef = 58E5D1F42D0CD02B000E39B4 /* UIApplication+Inset.swift */; };
		58E5D1F72D0CEA88000E39B4 /* CurrencyTypeView.swift in Sources */ = {isa = PBXBuildFile; fileRef = 58E5D1F62D0CEA88000E39B4 /* CurrencyTypeView.swift */; };
		58E5D1FF2D0DD8A5000E39B4 /* CurrenciesListVC.swift in Sources */ = {isa = PBXBuildFile; fileRef = 58E5D1FE2D0DD8A5000E39B4 /* CurrenciesListVC.swift */; };
		58E5D2012D0DF11F000E39B4 /* UIImageView+Animation.swift in Sources */ = {isa = PBXBuildFile; fileRef = 58E5D2002D0DF11F000E39B4 /* UIImageView+Animation.swift */; };
		58E5D2032D0DF197000E39B4 /* UIView+Animation.swift in Sources */ = {isa = PBXBuildFile; fileRef = 58E5D2022D0DF197000E39B4 /* UIView+Animation.swift */; };
		58E5D2062D0E08B4000E39B4 /* InputPannel.swift in Sources */ = {isa = PBXBuildFile; fileRef = 58E5D2052D0E08B4000E39B4 /* InputPannel.swift */; };
		58E5D2082D0E0D16000E39B4 /* KeyboardButton.swift in Sources */ = {isa = PBXBuildFile; fileRef = 58E5D2072D0E0D16000E39B4 /* KeyboardButton.swift */; };
		58E5D20F2D0E3C44000E39B4 /* ConvertCurrencyViewModel.swift in Sources */ = {isa = PBXBuildFile; fileRef = 58E5D20E2D0E3C44000E39B4 /* ConvertCurrencyViewModel.swift */; };
		58E5D2132D0E3F55000E39B4 /* ConvertCurrencyViewModelInterface.swift in Sources */ = {isa = PBXBuildFile; fileRef = 58E5D2122D0E3F55000E39B4 /* ConvertCurrencyViewModelInterface.swift */; };
		58E5D2152D0E581F000E39B4 /* ConvertCurrencyResponseDTO.swift in Sources */ = {isa = PBXBuildFile; fileRef = 58E5D2142D0E581F000E39B4 /* ConvertCurrencyResponseDTO.swift */; };
/* End PBXBuildFile section */

/* Begin PBXFileReference section */
		58AD52B12D0F249A00986CA6 /* String+KeyboardInput.swift */ = {isa = PBXFileReference; lastKnownFileType = sourcecode.swift; path = "String+KeyboardInput.swift"; sourceTree = "<group>"; };
		58AD52B32D0F2D5B00986CA6 /* DigitalKeyboardSymbols.swift */ = {isa = PBXFileReference; lastKnownFileType = sourcecode.swift; path = DigitalKeyboardSymbols.swift; sourceTree = "<group>"; };
		58AD52B62D0F7A9A00986CA6 /* MainCoordinator.swift */ = {isa = PBXFileReference; lastKnownFileType = sourcecode.swift; path = MainCoordinator.swift; sourceTree = "<group>"; };
		58AD52B82D0F7AE400986CA6 /* ConvertCurrencyConfigurator.swift */ = {isa = PBXFileReference; lastKnownFileType = sourcecode.swift; path = ConvertCurrencyConfigurator.swift; sourceTree = "<group>"; };
		58AD52BA2D0F7C0E00986CA6 /* HomeConfigurator.swift */ = {isa = PBXFileReference; lastKnownFileType = sourcecode.swift; path = HomeConfigurator.swift; sourceTree = "<group>"; };
		58AD52BD2D0F812500986CA6 /* AppContext.swift */ = {isa = PBXFileReference; lastKnownFileType = sourcecode.swift; path = AppContext.swift; sourceTree = "<group>"; };
		58AD52C62D0F8DA100986CA6 /* ConvertCurrencyAPI.swift */ = {isa = PBXFileReference; lastKnownFileType = sourcecode.swift; path = ConvertCurrencyAPI.swift; sourceTree = "<group>"; };
		58AD52C82D0F8DE800986CA6 /* ConvertCurrencyService.swift */ = {isa = PBXFileReference; lastKnownFileType = sourcecode.swift; path = ConvertCurrencyService.swift; sourceTree = "<group>"; };
		58AD52CB2D0F8E5A00986CA6 /* ConvertCurrencyServiceInterface.swift */ = {isa = PBXFileReference; lastKnownFileType = sourcecode.swift; path = ConvertCurrencyServiceInterface.swift; sourceTree = "<group>"; };
		58AD52CD2D0F910D00986CA6 /* ConvertCurrencyResponse.swift */ = {isa = PBXFileReference; lastKnownFileType = sourcecode.swift; path = ConvertCurrencyResponse.swift; sourceTree = "<group>"; };
		58AD52CF2D0F932D00986CA6 /* HTTPClient.swift */ = {isa = PBXFileReference; lastKnownFileType = sourcecode.swift; path = HTTPClient.swift; sourceTree = "<group>"; };
		58AD52D22D0FACE200986CA6 /* HTTPStatusCode.swift */ = {isa = PBXFileReference; lastKnownFileType = sourcecode.swift; path = HTTPStatusCode.swift; sourceTree = "<group>"; };
		58AD52D42D0FACED00986CA6 /* HTTPResponseHandler.swift */ = {isa = PBXFileReference; lastKnownFileType = sourcecode.swift; path = HTTPResponseHandler.swift; sourceTree = "<group>"; };
		58AD52D72D0FAD2D00986CA6 /* HTTPMethod.swift */ = {isa = PBXFileReference; lastKnownFileType = sourcecode.swift; path = HTTPMethod.swift; sourceTree = "<group>"; };
		58AD52D92D0FAD3500986CA6 /* RequestParams.swift */ = {isa = PBXFileReference; lastKnownFileType = sourcecode.swift; path = RequestParams.swift; sourceTree = "<group>"; };
		58AD52DB2D0FAD3F00986CA6 /* RequestBody.swift */ = {isa = PBXFileReference; lastKnownFileType = sourcecode.swift; path = RequestBody.swift; sourceTree = "<group>"; };
		58AD52DD2D0FAD4700986CA6 /* RequestHeaders.swift */ = {isa = PBXFileReference; lastKnownFileType = sourcecode.swift; path = RequestHeaders.swift; sourceTree = "<group>"; };
		58AD52DF2D0FAD5100986CA6 /* HTTPRequestBuilder.swift */ = {isa = PBXFileReference; lastKnownFileType = sourcecode.swift; path = HTTPRequestBuilder.swift; sourceTree = "<group>"; };
		58AD52E12D0FAD5B00986CA6 /* HTTPRequestMaker.swift */ = {isa = PBXFileReference; lastKnownFileType = sourcecode.swift; path = HTTPRequestMaker.swift; sourceTree = "<group>"; };
		58AD52E42D0FAE0F00986CA6 /* NetworkingError.swift */ = {isa = PBXFileReference; lastKnownFileType = sourcecode.swift; path = NetworkingError.swift; sourceTree = "<group>"; };
		58AD52E62D0FAE4F00986CA6 /* Dictionary+JSON.swift */ = {isa = PBXFileReference; lastKnownFileType = sourcecode.swift; path = "Dictionary+JSON.swift"; sourceTree = "<group>"; };
		58AD52E82D0FAE6900986CA6 /* Bundle+Networking.swift */ = {isa = PBXFileReference; lastKnownFileType = sourcecode.swift; path = "Bundle+Networking.swift"; sourceTree = "<group>"; };
		58AD52EA2D0FAE8D00986CA6 /* HTTPClientAPI.swift */ = {isa = PBXFileReference; lastKnownFileType = sourcecode.swift; path = HTTPClientAPI.swift; sourceTree = "<group>"; };
		58AD52EC2D0FAE9E00986CA6 /* DefaultErrorModel.swift */ = {isa = PBXFileReference; lastKnownFileType = sourcecode.swift; path = DefaultErrorModel.swift; sourceTree = "<group>"; };
		58AD52EE2D0FAEBB00986CA6 /* APIRequestConfigurator.swift */ = {isa = PBXFileReference; lastKnownFileType = sourcecode.swift; path = APIRequestConfigurator.swift; sourceTree = "<group>"; };
		58AD52F02D0FAEE400986CA6 /* HTTPClientConfigurator.swift */ = {isa = PBXFileReference; lastKnownFileType = sourcecode.swift; path = HTTPClientConfigurator.swift; sourceTree = "<group>"; };
		58E5D1AE2D0C740A000E39B4 /* CurrencyConverter.app */ = {isa = PBXFileReference; explicitFileType = wrapper.application; includeInIndex = 0; path = CurrencyConverter.app; sourceTree = BUILT_PRODUCTS_DIR; };
		58E5D1B12D0C740A000E39B4 /* AppDelegate.swift */ = {isa = PBXFileReference; lastKnownFileType = sourcecode.swift; path = AppDelegate.swift; sourceTree = "<group>"; };
		58E5D1B32D0C740A000E39B4 /* SceneDelegate.swift */ = {isa = PBXFileReference; lastKnownFileType = sourcecode.swift; path = SceneDelegate.swift; sourceTree = "<group>"; };
		58E5D1B52D0C740A000E39B4 /* HomeViewController.swift */ = {isa = PBXFileReference; lastKnownFileType = sourcecode.swift; path = HomeViewController.swift; sourceTree = "<group>"; };
		58E5D1BA2D0C740B000E39B4 /* Assets.xcassets */ = {isa = PBXFileReference; lastKnownFileType = folder.assetcatalog; path = Assets.xcassets; sourceTree = "<group>"; };
		58E5D1BD2D0C740B000E39B4 /* Base */ = {isa = PBXFileReference; lastKnownFileType = file.storyboard; name = Base; path = Base.lproj/LaunchScreen.storyboard; sourceTree = "<group>"; };
		58E5D1BF2D0C740B000E39B4 /* Info.plist */ = {isa = PBXFileReference; lastKnownFileType = text.plist.xml; path = Info.plist; sourceTree = "<group>"; };
		58E5D1C72D0C7E7F000E39B4 /* ConvertCurrencyViewController.swift */ = {isa = PBXFileReference; lastKnownFileType = sourcecode.swift; path = ConvertCurrencyViewController.swift; sourceTree = "<group>"; };
		58E5D1CC2D0C826B000E39B4 /* UIColor+AppColors.swift */ = {isa = PBXFileReference; lastKnownFileType = sourcecode.swift; path = "UIColor+AppColors.swift"; sourceTree = "<group>"; };
		58E5D1CF2D0C8BBC000E39B4 /* ReadexPro-Regular.ttf */ = {isa = PBXFileReference; lastKnownFileType = file; path = "ReadexPro-Regular.ttf"; sourceTree = "<group>"; };
		58E5D1D02D0C8BBC000E39B4 /* ReadexPro-Medium.ttf */ = {isa = PBXFileReference; lastKnownFileType = file; path = "ReadexPro-Medium.ttf"; sourceTree = "<group>"; };
		58E5D1D12D0C8BBC000E39B4 /* ReadexPro-Variable.ttf */ = {isa = PBXFileReference; lastKnownFileType = file; path = "ReadexPro-Variable.ttf"; sourceTree = "<group>"; };
		58E5D1D22D0C8BBC000E39B4 /* ReadexPro-Light.ttf */ = {isa = PBXFileReference; lastKnownFileType = file; path = "ReadexPro-Light.ttf"; sourceTree = "<group>"; };
		58E5D1D32D0C8BBC000E39B4 /* ReadexPro-ExtraLight.ttf */ = {isa = PBXFileReference; lastKnownFileType = file; path = "ReadexPro-ExtraLight.ttf"; sourceTree = "<group>"; };
		58E5D1D42D0C8BBC000E39B4 /* ReadexPro-SemiBold.ttf */ = {isa = PBXFileReference; lastKnownFileType = file; path = "ReadexPro-SemiBold.ttf"; sourceTree = "<group>"; };
		58E5D1D52D0C8BBC000E39B4 /* ReadexPro-Bold.ttf */ = {isa = PBXFileReference; lastKnownFileType = file; path = "ReadexPro-Bold.ttf"; sourceTree = "<group>"; };
		58E5D1DD2D0C8C43000E39B4 /* UIFont+AppFont.swift */ = {isa = PBXFileReference; lastKnownFileType = sourcecode.swift; path = "UIFont+AppFont.swift"; sourceTree = "<group>"; };
		58E5D1E92D0CBD04000E39B4 /* UIViewController+Header.swift */ = {isa = PBXFileReference; lastKnownFileType = sourcecode.swift; path = "UIViewController+Header.swift"; sourceTree = "<group>"; };
		58E5D1EC2D0CBEEB000E39B4 /* ConvertAmountView.swift */ = {isa = PBXFileReference; lastKnownFileType = sourcecode.swift; path = ConvertAmountView.swift; sourceTree = "<group>"; };
		58E5D1EE2D0CC613000E39B4 /* ReceivedAmountCardView.swift */ = {isa = PBXFileReference; lastKnownFileType = sourcecode.swift; path = ReceivedAmountCardView.swift; sourceTree = "<group>"; };
		58E5D1F02D0CC918000E39B4 /* UIView+Shadow.swift */ = {isa = PBXFileReference; lastKnownFileType = sourcecode.swift; path = "UIView+Shadow.swift"; sourceTree = "<group>"; };
		58E5D1F22D0CCFEF000E39B4 /* ConvertCurrenciesTypeCardView.swift */ = {isa = PBXFileReference; lastKnownFileType = sourcecode.swift; path = ConvertCurrenciesTypeCardView.swift; sourceTree = "<group>"; };
		58E5D1F42D0CD02B000E39B4 /* UIApplication+Inset.swift */ = {isa = PBXFileReference; lastKnownFileType = sourcecode.swift; path = "UIApplication+Inset.swift"; sourceTree = "<group>"; };
		58E5D1F62D0CEA88000E39B4 /* CurrencyTypeView.swift */ = {isa = PBXFileReference; lastKnownFileType = sourcecode.swift; path = CurrencyTypeView.swift; sourceTree = "<group>"; };
		58E5D1FE2D0DD8A5000E39B4 /* CurrenciesListVC.swift */ = {isa = PBXFileReference; lastKnownFileType = sourcecode.swift; path = CurrenciesListVC.swift; sourceTree = "<group>"; };
		58E5D2002D0DF11F000E39B4 /* UIImageView+Animation.swift */ = {isa = PBXFileReference; lastKnownFileType = sourcecode.swift; path = "UIImageView+Animation.swift"; sourceTree = "<group>"; };
		58E5D2022D0DF197000E39B4 /* UIView+Animation.swift */ = {isa = PBXFileReference; lastKnownFileType = sourcecode.swift; path = "UIView+Animation.swift"; sourceTree = "<group>"; };
		58E5D2052D0E08B4000E39B4 /* InputPannel.swift */ = {isa = PBXFileReference; lastKnownFileType = sourcecode.swift; path = InputPannel.swift; sourceTree = "<group>"; };
		58E5D2072D0E0D16000E39B4 /* KeyboardButton.swift */ = {isa = PBXFileReference; lastKnownFileType = sourcecode.swift; path = KeyboardButton.swift; sourceTree = "<group>"; };
		58E5D20E2D0E3C44000E39B4 /* ConvertCurrencyViewModel.swift */ = {isa = PBXFileReference; lastKnownFileType = sourcecode.swift; path = ConvertCurrencyViewModel.swift; sourceTree = "<group>"; };
		58E5D2122D0E3F55000E39B4 /* ConvertCurrencyViewModelInterface.swift */ = {isa = PBXFileReference; lastKnownFileType = sourcecode.swift; path = ConvertCurrencyViewModelInterface.swift; sourceTree = "<group>"; };
		58E5D2142D0E581F000E39B4 /* ConvertCurrencyResponseDTO.swift */ = {isa = PBXFileReference; lastKnownFileType = sourcecode.swift; path = ConvertCurrencyResponseDTO.swift; sourceTree = "<group>"; };
/* End PBXFileReference section */

/* Begin PBXFrameworksBuildPhase section */
		58E5D1AB2D0C740A000E39B4 /* Frameworks */ = {
			isa = PBXFrameworksBuildPhase;
			buildActionMask = 2147483647;
			files = (
			);
			runOnlyForDeploymentPostprocessing = 0;
		};
/* End PBXFrameworksBuildPhase section */

/* Begin PBXGroup section */
		58AD52B52D0F7A7E00986CA6 /* Navigation */ = {
			isa = PBXGroup;
			children = (
				58AD52B62D0F7A9A00986CA6 /* MainCoordinator.swift */,
			);
			path = Navigation;
			sourceTree = "<group>";
		};
		58AD52BC2D0F811800986CA6 /* AppContext */ = {
			isa = PBXGroup;
			children = (
				58AD52BD2D0F812500986CA6 /* AppContext.swift */,
			);
			path = AppContext;
			sourceTree = "<group>";
		};
		58AD52BF2D0F8C2D00986CA6 /* Screens */ = {
			isa = PBXGroup;
			children = (
				58E5D1E82D0CB90C000E39B4 /* HomeScreen */,
				58E5D1E52D0CB8EA000E39B4 /* ConvertCurrencyScreen */,
			);
			path = Screens;
			sourceTree = "<group>";
		};
		58AD52C02D0F8CC200986CA6 /* Network */ = {
			isa = PBXGroup;
			children = (
				58AD52C22D0F8CEE00986CA6 /* APIs */,
				58AD52C12D0F8CD000986CA6 /* NetworkClient */,
			);
			path = Network;
			sourceTree = "<group>";
		};
		58AD52C12D0F8CD000986CA6 /* NetworkClient */ = {
			isa = PBXGroup;
			children = (
				58AD52CF2D0F932D00986CA6 /* HTTPClient.swift */,
				58AD52EA2D0FAE8D00986CA6 /* HTTPClientAPI.swift */,
				58AD52EC2D0FAE9E00986CA6 /* DefaultErrorModel.swift */,
				58AD52EE2D0FAEBB00986CA6 /* APIRequestConfigurator.swift */,
				58AD52F02D0FAEE400986CA6 /* HTTPClientConfigurator.swift */,
				58AD52D12D0FACD100986CA6 /* URLResponse */,
				58AD52D62D0FAD1B00986CA6 /* URLRequest */,
				58AD52E32D0FAE0300986CA6 /* Errors */,
			);
			path = NetworkClient;
			sourceTree = "<group>";
		};
		58AD52C22D0F8CEE00986CA6 /* APIs */ = {
			isa = PBXGroup;
			children = (
				58AD52C52D0F8D8600986CA6 /* HomeFlowAPIs */,
			);
			path = APIs;
			sourceTree = "<group>";
		};
		58AD52C32D0F8D1600986CA6 /* Services */ = {
			isa = PBXGroup;
			children = (
				58AD52C42D0F8D3000986CA6 /* HomeFlowServices */,
			);
			path = Services;
			sourceTree = "<group>";
		};
		58AD52C42D0F8D3000986CA6 /* HomeFlowServices */ = {
			isa = PBXGroup;
			children = (
				58AD52C82D0F8DE800986CA6 /* ConvertCurrencyService.swift */,
			);
			path = HomeFlowServices;
			sourceTree = "<group>";
		};
		58AD52C52D0F8D8600986CA6 /* HomeFlowAPIs */ = {
			isa = PBXGroup;
			children = (
				58AD52C62D0F8DA100986CA6 /* ConvertCurrencyAPI.swift */,
			);
			path = HomeFlowAPIs;
			sourceTree = "<group>";
		};
		58AD52CA2D0F8E4200986CA6 /* Service */ = {
			isa = PBXGroup;
			children = (
				58AD52CB2D0F8E5A00986CA6 /* ConvertCurrencyServiceInterface.swift */,
			);
			path = Service;
			sourceTree = "<group>";
		};
		58AD52D12D0FACD100986CA6 /* URLResponse */ = {
			isa = PBXGroup;
			children = (
				58AD52D22D0FACE200986CA6 /* HTTPStatusCode.swift */,
				58AD52D42D0FACED00986CA6 /* HTTPResponseHandler.swift */,
			);
			path = URLResponse;
			sourceTree = "<group>";
		};
		58AD52D62D0FAD1B00986CA6 /* URLRequest */ = {
			isa = PBXGroup;
			children = (
				58AD52D72D0FAD2D00986CA6 /* HTTPMethod.swift */,
				58AD52D92D0FAD3500986CA6 /* RequestParams.swift */,
				58AD52DB2D0FAD3F00986CA6 /* RequestBody.swift */,
				58AD52DD2D0FAD4700986CA6 /* RequestHeaders.swift */,
				58AD52DF2D0FAD5100986CA6 /* HTTPRequestBuilder.swift */,
				58AD52E12D0FAD5B00986CA6 /* HTTPRequestMaker.swift */,
			);
			path = URLRequest;
			sourceTree = "<group>";
		};
		58AD52E32D0FAE0300986CA6 /* Errors */ = {
			isa = PBXGroup;
			children = (
				58AD52E42D0FAE0F00986CA6 /* NetworkingError.swift */,
			);
			path = Errors;
			sourceTree = "<group>";
		};
		58E5D1A52D0C740A000E39B4 = {
			isa = PBXGroup;
			children = (
				58E5D1B02D0C740A000E39B4 /* CurrencyConverter */,
				58E5D1AF2D0C740A000E39B4 /* Products */,
			);
			sourceTree = "<group>";
		};
		58E5D1AF2D0C740A000E39B4 /* Products */ = {
			isa = PBXGroup;
			children = (
				58E5D1AE2D0C740A000E39B4 /* CurrencyConverter.app */,
			);
			name = Products;
			sourceTree = "<group>";
		};
		58E5D1B02D0C740A000E39B4 /* CurrencyConverter */ = {
			isa = PBXGroup;
			children = (
				58AD52BC2D0F811800986CA6 /* AppContext */,
				58AD52B52D0F7A7E00986CA6 /* Navigation */,
				58AD52BF2D0F8C2D00986CA6 /* Screens */,
				58AD52C32D0F8D1600986CA6 /* Services */,
				58AD52C02D0F8CC200986CA6 /* Network */,
				58E5D1CB2D0C825A000E39B4 /* Extensions */,
				58E5D1C62D0C7765000E39B4 /* Resources */,
				58E5D1C52D0C770D000E39B4 /* Application */,
			);
			path = CurrencyConverter;
			sourceTree = "<group>";
		};
		58E5D1C52D0C770D000E39B4 /* Application */ = {
			isa = PBXGroup;
			children = (
				58E5D1B12D0C740A000E39B4 /* AppDelegate.swift */,
				58E5D1B32D0C740A000E39B4 /* SceneDelegate.swift */,
			);
			path = Application;
			sourceTree = "<group>";
		};
		58E5D1C62D0C7765000E39B4 /* Resources */ = {
			isa = PBXGroup;
			children = (
				58E5D1CE2D0C8BA3000E39B4 /* Fonts */,
				58E5D1BA2D0C740B000E39B4 /* Assets.xcassets */,
				58E5D1BC2D0C740B000E39B4 /* LaunchScreen.storyboard */,
				58E5D1BF2D0C740B000E39B4 /* Info.plist */,
			);
			path = Resources;
			sourceTree = "<group>";
		};
		58E5D1CB2D0C825A000E39B4 /* Extensions */ = {
			isa = PBXGroup;
			children = (
				58E5D1CC2D0C826B000E39B4 /* UIColor+AppColors.swift */,
				58E5D1DD2D0C8C43000E39B4 /* UIFont+AppFont.swift */,
				58E5D1E92D0CBD04000E39B4 /* UIViewController+Header.swift */,
				58E5D1F02D0CC918000E39B4 /* UIView+Shadow.swift */,
				58E5D1F42D0CD02B000E39B4 /* UIApplication+Inset.swift */,
				58E5D2002D0DF11F000E39B4 /* UIImageView+Animation.swift */,
				58E5D2022D0DF197000E39B4 /* UIView+Animation.swift */,
				58AD52B12D0F249A00986CA6 /* String+KeyboardInput.swift */,
				58AD52E62D0FAE4F00986CA6 /* Dictionary+JSON.swift */,
				58AD52E82D0FAE6900986CA6 /* Bundle+Networking.swift */,
			);
			path = Extensions;
			sourceTree = "<group>";
		};
		58E5D1CE2D0C8BA3000E39B4 /* Fonts */ = {
			isa = PBXGroup;
			children = (
				58E5D1DF2D0C8C59000E39B4 /* ReadexPro */,
			);
			path = Fonts;
			sourceTree = "<group>";
		};
		58E5D1DF2D0C8C59000E39B4 /* ReadexPro */ = {
			isa = PBXGroup;
			children = (
				58E5D1D52D0C8BBC000E39B4 /* ReadexPro-Bold.ttf */,
				58E5D1D32D0C8BBC000E39B4 /* ReadexPro-ExtraLight.ttf */,
				58E5D1D22D0C8BBC000E39B4 /* ReadexPro-Light.ttf */,
				58E5D1D02D0C8BBC000E39B4 /* ReadexPro-Medium.ttf */,
				58E5D1CF2D0C8BBC000E39B4 /* ReadexPro-Regular.ttf */,
				58E5D1D42D0C8BBC000E39B4 /* ReadexPro-SemiBold.ttf */,
				58E5D1D12D0C8BBC000E39B4 /* ReadexPro-Variable.ttf */,
			);
			path = ReadexPro;
			sourceTree = "<group>";
		};
		58E5D1E52D0CB8EA000E39B4 /* ConvertCurrencyScreen */ = {
			isa = PBXGroup;
			children = (
				58E5D1C72D0C7E7F000E39B4 /* ConvertCurrencyViewController.swift */,
				58AD52B82D0F7AE400986CA6 /* ConvertCurrencyConfigurator.swift */,
				58E5D1EB2D0CBEB7000E39B4 /* Views */,
				58E5D2102D0E3C49000E39B4 /* ViewModel */,
				58AD52CA2D0F8E4200986CA6 /* Service */,
				58E5D1FA2D0DCF3A000E39B4 /* Models */,
			);
			path = ConvertCurrencyScreen;
			sourceTree = "<group>";
		};
		58E5D1E82D0CB90C000E39B4 /* HomeScreen */ = {
			isa = PBXGroup;
			children = (
				58E5D1B52D0C740A000E39B4 /* HomeViewController.swift */,
				58AD52BA2D0F7C0E00986CA6 /* HomeConfigurator.swift */,
			);
			path = HomeScreen;
			sourceTree = "<group>";
		};
		58E5D1EB2D0CBEB7000E39B4 /* Views */ = {
			isa = PBXGroup;
			children = (
				58E5D2042D0E089C000E39B4 /* InputPanel */,
				58E5D1FD2D0DD885000E39B4 /* PopUpList */,
				58E5D1EC2D0CBEEB000E39B4 /* ConvertAmountView.swift */,
				58E5D1EE2D0CC613000E39B4 /* ReceivedAmountCardView.swift */,
				58E5D1F22D0CCFEF000E39B4 /* ConvertCurrenciesTypeCardView.swift */,
				58E5D1F62D0CEA88000E39B4 /* CurrencyTypeView.swift */,
			);
			path = Views;
			sourceTree = "<group>";
		};
		58E5D1FA2D0DCF3A000E39B4 /* Models */ = {
			isa = PBXGroup;
			children = (
				58E5D2142D0E581F000E39B4 /* ConvertCurrencyResponseDTO.swift */,
				58AD52CD2D0F910D00986CA6 /* ConvertCurrencyResponse.swift */,
			);
			path = Models;
			sourceTree = "<group>";
		};
		58E5D1FD2D0DD885000E39B4 /* PopUpList */ = {
			isa = PBXGroup;
			children = (
				58E5D1FE2D0DD8A5000E39B4 /* CurrenciesListVC.swift */,
			);
			path = PopUpList;
			sourceTree = "<group>";
		};
		58E5D2042D0E089C000E39B4 /* InputPanel */ = {
			isa = PBXGroup;
			children = (
				58E5D2052D0E08B4000E39B4 /* InputPannel.swift */,
				58E5D2072D0E0D16000E39B4 /* KeyboardButton.swift */,
				58AD52B32D0F2D5B00986CA6 /* DigitalKeyboardSymbols.swift */,
			);
			path = InputPanel;
			sourceTree = "<group>";
		};
		58E5D2102D0E3C49000E39B4 /* ViewModel */ = {
			isa = PBXGroup;
			children = (
				58E5D2112D0E3F46000E39B4 /* Interfaces */,
				58E5D20E2D0E3C44000E39B4 /* ConvertCurrencyViewModel.swift */,
			);
			path = ViewModel;
			sourceTree = "<group>";
		};
		58E5D2112D0E3F46000E39B4 /* Interfaces */ = {
			isa = PBXGroup;
			children = (
				58E5D2122D0E3F55000E39B4 /* ConvertCurrencyViewModelInterface.swift */,
			);
			path = Interfaces;
			sourceTree = "<group>";
		};
/* End PBXGroup section */

/* Begin PBXNativeTarget section */
		58E5D1AD2D0C740A000E39B4 /* CurrencyConverter */ = {
			isa = PBXNativeTarget;
			buildConfigurationList = 58E5D1C22D0C740B000E39B4 /* Build configuration list for PBXNativeTarget "CurrencyConverter" */;
			buildPhases = (
				58E5D1AA2D0C740A000E39B4 /* Sources */,
				58E5D1AB2D0C740A000E39B4 /* Frameworks */,
				58E5D1AC2D0C740A000E39B4 /* Resources */,
			);
			buildRules = (
			);
			dependencies = (
			);
			name = CurrencyConverter;
			productName = CurrencyConverter;
			productReference = 58E5D1AE2D0C740A000E39B4 /* CurrencyConverter.app */;
			productType = "com.apple.product-type.application";
		};
/* End PBXNativeTarget section */

/* Begin PBXProject section */
		58E5D1A62D0C740A000E39B4 /* Project object */ = {
			isa = PBXProject;
			attributes = {
				BuildIndependentTargetsInParallel = 1;
				LastSwiftUpdateCheck = 1530;
				LastUpgradeCheck = 1530;
				TargetAttributes = {
					58E5D1AD2D0C740A000E39B4 = {
						CreatedOnToolsVersion = 15.3;
					};
				};
			};
			buildConfigurationList = 58E5D1A92D0C740A000E39B4 /* Build configuration list for PBXProject "CurrencyConverter" */;
			compatibilityVersion = "Xcode 14.0";
			developmentRegion = en;
			hasScannedForEncodings = 0;
			knownRegions = (
				en,
				Base,
			);
			mainGroup = 58E5D1A52D0C740A000E39B4;
			productRefGroup = 58E5D1AF2D0C740A000E39B4 /* Products */;
			projectDirPath = "";
			projectRoot = "";
			targets = (
				58E5D1AD2D0C740A000E39B4 /* CurrencyConverter */,
			);
		};
/* End PBXProject section */

/* Begin PBXResourcesBuildPhase section */
		58E5D1AC2D0C740A000E39B4 /* Resources */ = {
			isa = PBXResourcesBuildPhase;
			buildActionMask = 2147483647;
			files = (
				58E5D1DB2D0C8BBC000E39B4 /* ReadexPro-SemiBold.ttf in Resources */,
				58E5D1DC2D0C8BBC000E39B4 /* ReadexPro-Bold.ttf in Resources */,
				58E5D1D72D0C8BBC000E39B4 /* ReadexPro-Medium.ttf in Resources */,
				58E5D1D62D0C8BBC000E39B4 /* ReadexPro-Regular.ttf in Resources */,
				58E5D1BB2D0C740B000E39B4 /* Assets.xcassets in Resources */,
				58E5D1DA2D0C8BBC000E39B4 /* ReadexPro-ExtraLight.ttf in Resources */,
				58E5D1BE2D0C740B000E39B4 /* Base in Resources */,
				58E5D1D92D0C8BBC000E39B4 /* ReadexPro-Light.ttf in Resources */,
				58E5D1D82D0C8BBC000E39B4 /* ReadexPro-Variable.ttf in Resources */,
			);
			runOnlyForDeploymentPostprocessing = 0;
		};
/* End PBXResourcesBuildPhase section */

/* Begin PBXSourcesBuildPhase section */
		58E5D1AA2D0C740A000E39B4 /* Sources */ = {
			isa = PBXSourcesBuildPhase;
			buildActionMask = 2147483647;
			files = (
				58E5D1B62D0C740A000E39B4 /* HomeViewController.swift in Sources */,
				58AD52CC2D0F8E5A00986CA6 /* ConvertCurrencyServiceInterface.swift in Sources */,
				58E5D1EA2D0CBD04000E39B4 /* UIViewController+Header.swift in Sources */,
				58E5D1EF2D0CC613000E39B4 /* ReceivedAmountCardView.swift in Sources */,
				58E5D1FF2D0DD8A5000E39B4 /* CurrenciesListVC.swift in Sources */,
				58AD52C92D0F8DE800986CA6 /* ConvertCurrencyService.swift in Sources */,
				58AD52E72D0FAE4F00986CA6 /* Dictionary+JSON.swift in Sources */,
				58E5D2082D0E0D16000E39B4 /* KeyboardButton.swift in Sources */,
				58AD52C72D0F8DA100986CA6 /* ConvertCurrencyAPI.swift in Sources */,
				58AD52F12D0FAEE400986CA6 /* HTTPClientConfigurator.swift in Sources */,
				58E5D1F72D0CEA88000E39B4 /* CurrencyTypeView.swift in Sources */,
				58E5D1F12D0CC918000E39B4 /* UIView+Shadow.swift in Sources */,
				58AD52E52D0FAE0F00986CA6 /* NetworkingError.swift in Sources */,
				58AD52D52D0FACED00986CA6 /* HTTPResponseHandler.swift in Sources */,
				58AD52B42D0F2D5B00986CA6 /* DigitalKeyboardSymbols.swift in Sources */,
				58AD52D02D0F932D00986CA6 /* HTTPClient.swift in Sources */,
				58AD52DE2D0FAD4700986CA6 /* RequestHeaders.swift in Sources */,
				58AD52B92D0F7AE400986CA6 /* ConvertCurrencyConfigurator.swift in Sources */,
				58AD52B22D0F249A00986CA6 /* String+KeyboardInput.swift in Sources */,
				58E5D1DE2D0C8C43000E39B4 /* UIFont+AppFont.swift in Sources */,
				58E5D1B22D0C740A000E39B4 /* AppDelegate.swift in Sources */,
				58AD52EB2D0FAE8D00986CA6 /* HTTPClientAPI.swift in Sources */,
				58AD52DC2D0FAD3F00986CA6 /* RequestBody.swift in Sources */,
				58E5D1F52D0CD02B000E39B4 /* UIApplication+Inset.swift in Sources */,
				58E5D1F32D0CCFEF000E39B4 /* ConvertCurrenciesTypeCardView.swift in Sources */,
				58AD52D32D0FACE200986CA6 /* HTTPStatusCode.swift in Sources */,
				58AD52B72D0F7A9A00986CA6 /* MainCoordinator.swift in Sources */,
				58E5D1ED2D0CBEEB000E39B4 /* ConvertAmountView.swift in Sources */,
				58AD52CE2D0F910D00986CA6 /* ConvertCurrencyResponse.swift in Sources */,
				58AD52E92D0FAE6900986CA6 /* Bundle+Networking.swift in Sources */,
				58E5D20F2D0E3C44000E39B4 /* ConvertCurrencyViewModel.swift in Sources */,
				58AD52BE2D0F812500986CA6 /* AppContext.swift in Sources */,
				58E5D2032D0DF197000E39B4 /* UIView+Animation.swift in Sources */,
				58E5D1C82D0C7E7F000E39B4 /* ConvertCurrencyViewController.swift in Sources */,
				58E5D2062D0E08B4000E39B4 /* InputPannel.swift in Sources */,
				58E5D2012D0DF11F000E39B4 /* UIImageView+Animation.swift in Sources */,
				58E5D1B42D0C740A000E39B4 /* SceneDelegate.swift in Sources */,
				58E5D2152D0E581F000E39B4 /* ConvertCurrencyResponseDTO.swift in Sources */,
				58E5D1CD2D0C826B000E39B4 /* UIColor+AppColors.swift in Sources */,
				58AD52ED2D0FAE9E00986CA6 /* DefaultErrorModel.swift in Sources */,
				58AD52E22D0FAD5B00986CA6 /* HTTPRequestMaker.swift in Sources */,
				58AD52DA2D0FAD3500986CA6 /* RequestParams.swift in Sources */,
				58AD52EF2D0FAEBB00986CA6 /* APIRequestConfigurator.swift in Sources */,
				58AD52E02D0FAD5100986CA6 /* HTTPRequestBuilder.swift in Sources */,
				58AD52D82D0FAD2D00986CA6 /* HTTPMethod.swift in Sources */,
				58AD52BB2D0F7C0E00986CA6 /* HomeConfigurator.swift in Sources */,
				58E5D2132D0E3F55000E39B4 /* ConvertCurrencyViewModelInterface.swift in Sources */,
			);
			runOnlyForDeploymentPostprocessing = 0;
		};
/* End PBXSourcesBuildPhase section */

/* Begin PBXVariantGroup section */
		58E5D1BC2D0C740B000E39B4 /* LaunchScreen.storyboard */ = {
			isa = PBXVariantGroup;
			children = (
				58E5D1BD2D0C740B000E39B4 /* Base */,
			);
			name = LaunchScreen.storyboard;
			sourceTree = "<group>";
		};
/* End PBXVariantGroup section */

/* Begin XCBuildConfiguration section */
		58E5D1C02D0C740B000E39B4 /* Debug */ = {
			isa = XCBuildConfiguration;
			buildSettings = {
				ALWAYS_SEARCH_USER_PATHS = NO;
				ASSETCATALOG_COMPILER_GENERATE_SWIFT_ASSET_SYMBOL_EXTENSIONS = YES;
				CLANG_ANALYZER_NONNULL = YES;
				CLANG_ANALYZER_NUMBER_OBJECT_CONVERSION = YES_AGGRESSIVE;
				CLANG_CXX_LANGUAGE_STANDARD = "gnu++20";
				CLANG_ENABLE_MODULES = YES;
				CLANG_ENABLE_OBJC_ARC = YES;
				CLANG_ENABLE_OBJC_WEAK = YES;
				CLANG_WARN_BLOCK_CAPTURE_AUTORELEASING = YES;
				CLANG_WARN_BOOL_CONVERSION = YES;
				CLANG_WARN_COMMA = YES;
				CLANG_WARN_CONSTANT_CONVERSION = YES;
				CLANG_WARN_DEPRECATED_OBJC_IMPLEMENTATIONS = YES;
				CLANG_WARN_DIRECT_OBJC_ISA_USAGE = YES_ERROR;
				CLANG_WARN_DOCUMENTATION_COMMENTS = YES;
				CLANG_WARN_EMPTY_BODY = YES;
				CLANG_WARN_ENUM_CONVERSION = YES;
				CLANG_WARN_INFINITE_RECURSION = YES;
				CLANG_WARN_INT_CONVERSION = YES;
				CLANG_WARN_NON_LITERAL_NULL_CONVERSION = YES;
				CLANG_WARN_OBJC_IMPLICIT_RETAIN_SELF = YES;
				CLANG_WARN_OBJC_LITERAL_CONVERSION = YES;
				CLANG_WARN_OBJC_ROOT_CLASS = YES_ERROR;
				CLANG_WARN_QUOTED_INCLUDE_IN_FRAMEWORK_HEADER = YES;
				CLANG_WARN_RANGE_LOOP_ANALYSIS = YES;
				CLANG_WARN_STRICT_PROTOTYPES = YES;
				CLANG_WARN_SUSPICIOUS_MOVE = YES;
				CLANG_WARN_UNGUARDED_AVAILABILITY = YES_AGGRESSIVE;
				CLANG_WARN_UNREACHABLE_CODE = YES;
				CLANG_WARN__DUPLICATE_METHOD_MATCH = YES;
				COPY_PHASE_STRIP = NO;
				DEBUG_INFORMATION_FORMAT = dwarf;
				ENABLE_STRICT_OBJC_MSGSEND = YES;
				ENABLE_TESTABILITY = YES;
				ENABLE_USER_SCRIPT_SANDBOXING = YES;
				GCC_C_LANGUAGE_STANDARD = gnu17;
				GCC_DYNAMIC_NO_PIC = NO;
				GCC_NO_COMMON_BLOCKS = YES;
				GCC_OPTIMIZATION_LEVEL = 0;
				GCC_PREPROCESSOR_DEFINITIONS = (
					"DEBUG=1",
					"$(inherited)",
				);
				GCC_WARN_64_TO_32_BIT_CONVERSION = YES;
				GCC_WARN_ABOUT_RETURN_TYPE = YES_ERROR;
				GCC_WARN_UNDECLARED_SELECTOR = YES;
				GCC_WARN_UNINITIALIZED_AUTOS = YES_AGGRESSIVE;
				GCC_WARN_UNUSED_FUNCTION = YES;
				GCC_WARN_UNUSED_VARIABLE = YES;
				IPHONEOS_DEPLOYMENT_TARGET = 17.4;
				LOCALIZATION_PREFERS_STRING_CATALOGS = YES;
				MTL_ENABLE_DEBUG_INFO = INCLUDE_SOURCE;
				MTL_FAST_MATH = YES;
				ONLY_ACTIVE_ARCH = YES;
				SDKROOT = iphoneos;
				SWIFT_ACTIVE_COMPILATION_CONDITIONS = "DEBUG $(inherited)";
				SWIFT_OPTIMIZATION_LEVEL = "-Onone";
			};
			name = Debug;
		};
		58E5D1C12D0C740B000E39B4 /* Release */ = {
			isa = XCBuildConfiguration;
			buildSettings = {
				ALWAYS_SEARCH_USER_PATHS = NO;
				ASSETCATALOG_COMPILER_GENERATE_SWIFT_ASSET_SYMBOL_EXTENSIONS = YES;
				CLANG_ANALYZER_NONNULL = YES;
				CLANG_ANALYZER_NUMBER_OBJECT_CONVERSION = YES_AGGRESSIVE;
				CLANG_CXX_LANGUAGE_STANDARD = "gnu++20";
				CLANG_ENABLE_MODULES = YES;
				CLANG_ENABLE_OBJC_ARC = YES;
				CLANG_ENABLE_OBJC_WEAK = YES;
				CLANG_WARN_BLOCK_CAPTURE_AUTORELEASING = YES;
				CLANG_WARN_BOOL_CONVERSION = YES;
				CLANG_WARN_COMMA = YES;
				CLANG_WARN_CONSTANT_CONVERSION = YES;
				CLANG_WARN_DEPRECATED_OBJC_IMPLEMENTATIONS = YES;
				CLANG_WARN_DIRECT_OBJC_ISA_USAGE = YES_ERROR;
				CLANG_WARN_DOCUMENTATION_COMMENTS = YES;
				CLANG_WARN_EMPTY_BODY = YES;
				CLANG_WARN_ENUM_CONVERSION = YES;
				CLANG_WARN_INFINITE_RECURSION = YES;
				CLANG_WARN_INT_CONVERSION = YES;
				CLANG_WARN_NON_LITERAL_NULL_CONVERSION = YES;
				CLANG_WARN_OBJC_IMPLICIT_RETAIN_SELF = YES;
				CLANG_WARN_OBJC_LITERAL_CONVERSION = YES;
				CLANG_WARN_OBJC_ROOT_CLASS = YES_ERROR;
				CLANG_WARN_QUOTED_INCLUDE_IN_FRAMEWORK_HEADER = YES;
				CLANG_WARN_RANGE_LOOP_ANALYSIS = YES;
				CLANG_WARN_STRICT_PROTOTYPES = YES;
				CLANG_WARN_SUSPICIOUS_MOVE = YES;
				CLANG_WARN_UNGUARDED_AVAILABILITY = YES_AGGRESSIVE;
				CLANG_WARN_UNREACHABLE_CODE = YES;
				CLANG_WARN__DUPLICATE_METHOD_MATCH = YES;
				COPY_PHASE_STRIP = NO;
				DEBUG_INFORMATION_FORMAT = "dwarf-with-dsym";
				ENABLE_NS_ASSERTIONS = NO;
				ENABLE_STRICT_OBJC_MSGSEND = YES;
				ENABLE_USER_SCRIPT_SANDBOXING = YES;
				GCC_C_LANGUAGE_STANDARD = gnu17;
				GCC_NO_COMMON_BLOCKS = YES;
				GCC_WARN_64_TO_32_BIT_CONVERSION = YES;
				GCC_WARN_ABOUT_RETURN_TYPE = YES_ERROR;
				GCC_WARN_UNDECLARED_SELECTOR = YES;
				GCC_WARN_UNINITIALIZED_AUTOS = YES_AGGRESSIVE;
				GCC_WARN_UNUSED_FUNCTION = YES;
				GCC_WARN_UNUSED_VARIABLE = YES;
				IPHONEOS_DEPLOYMENT_TARGET = 17.4;
				LOCALIZATION_PREFERS_STRING_CATALOGS = YES;
				MTL_ENABLE_DEBUG_INFO = NO;
				MTL_FAST_MATH = YES;
				SDKROOT = iphoneos;
				SWIFT_COMPILATION_MODE = wholemodule;
				VALIDATE_PRODUCT = YES;
			};
			name = Release;
		};
		58E5D1C32D0C740B000E39B4 /* Debug */ = {
			isa = XCBuildConfiguration;
			buildSettings = {
				ASSETCATALOG_COMPILER_APPICON_NAME = AppIcon;
				ASSETCATALOG_COMPILER_GLOBAL_ACCENT_COLOR_NAME = AccentColor;
				CODE_SIGN_STYLE = Automatic;
				CURRENT_PROJECT_VERSION = 1;
				DEVELOPMENT_TEAM = YSQD9849J2;
				GENERATE_INFOPLIST_FILE = YES;
				INFOPLIST_FILE = CurrencyConverter/Resources/Info.plist;
				INFOPLIST_KEY_UIApplicationSupportsIndirectInputEvents = YES;
				INFOPLIST_KEY_UILaunchStoryboardName = LaunchScreen;
				INFOPLIST_KEY_UISupportedInterfaceOrientations_iPad = "UIInterfaceOrientationPortrait UIInterfaceOrientationPortraitUpsideDown";
				INFOPLIST_KEY_UISupportedInterfaceOrientations_iPhone = UIInterfaceOrientationPortrait;
				INFOPLIST_KEY_UIUserInterfaceStyle = Light;
				IPHONEOS_DEPLOYMENT_TARGET = 15.0;
				LD_RUNPATH_SEARCH_PATHS = (
					"$(inherited)",
					"@executable_path/Frameworks",
				);
				MARKETING_VERSION = 1.0;
				PRODUCT_BUNDLE_IDENTIFIER = org.10ec7515b1285f91.CurrencyConverter;
				PRODUCT_NAME = "$(TARGET_NAME)";
				SUPPORTED_PLATFORMS = "iphoneos iphonesimulator";
				SUPPORTS_MACCATALYST = NO;
				SUPPORTS_MAC_DESIGNED_FOR_IPHONE_IPAD = NO;
				SUPPORTS_XR_DESIGNED_FOR_IPHONE_IPAD = NO;
				SWIFT_EMIT_LOC_STRINGS = YES;
				SWIFT_VERSION = 5.0;
				TARGETED_DEVICE_FAMILY = "1,2";
			};
			name = Debug;
		};
		58E5D1C42D0C740B000E39B4 /* Release */ = {
			isa = XCBuildConfiguration;
			buildSettings = {
				ASSETCATALOG_COMPILER_APPICON_NAME = AppIcon;
				ASSETCATALOG_COMPILER_GLOBAL_ACCENT_COLOR_NAME = AccentColor;
				CODE_SIGN_STYLE = Automatic;
				CURRENT_PROJECT_VERSION = 1;
				DEVELOPMENT_TEAM = YSQD9849J2;
				GENERATE_INFOPLIST_FILE = YES;
				INFOPLIST_FILE = CurrencyConverter/Resources/Info.plist;
				INFOPLIST_KEY_UIApplicationSupportsIndirectInputEvents = YES;
				INFOPLIST_KEY_UILaunchStoryboardName = LaunchScreen;
				INFOPLIST_KEY_UISupportedInterfaceOrientations_iPad = "UIInterfaceOrientationPortrait UIInterfaceOrientationPortraitUpsideDown";
				INFOPLIST_KEY_UISupportedInterfaceOrientations_iPhone = UIInterfaceOrientationPortrait;
				INFOPLIST_KEY_UIUserInterfaceStyle = Light;
				IPHONEOS_DEPLOYMENT_TARGET = 15.0;
				LD_RUNPATH_SEARCH_PATHS = (
					"$(inherited)",
					"@executable_path/Frameworks",
				);
				MARKETING_VERSION = 1.0;
				PRODUCT_BUNDLE_IDENTIFIER = org.10ec7515b1285f91.CurrencyConverter;
				PRODUCT_NAME = "$(TARGET_NAME)";
				SUPPORTED_PLATFORMS = "iphoneos iphonesimulator";
				SUPPORTS_MACCATALYST = NO;
				SUPPORTS_MAC_DESIGNED_FOR_IPHONE_IPAD = NO;
				SUPPORTS_XR_DESIGNED_FOR_IPHONE_IPAD = NO;
				SWIFT_EMIT_LOC_STRINGS = YES;
				SWIFT_VERSION = 5.0;
				TARGETED_DEVICE_FAMILY = "1,2";
			};
			name = Release;
		};
/* End XCBuildConfiguration section */

/* Begin XCConfigurationList section */
		58E5D1A92D0C740A000E39B4 /* Build configuration list for PBXProject "CurrencyConverter" */ = {
			isa = XCConfigurationList;
			buildConfigurations = (
				58E5D1C02D0C740B000E39B4 /* Debug */,
				58E5D1C12D0C740B000E39B4 /* Release */,
			);
			defaultConfigurationIsVisible = 0;
			defaultConfigurationName = Release;
		};
		58E5D1C22D0C740B000E39B4 /* Build configuration list for PBXNativeTarget "CurrencyConverter" */ = {
			isa = XCConfigurationList;
			buildConfigurations = (
				58E5D1C32D0C740B000E39B4 /* Debug */,
				58E5D1C42D0C740B000E39B4 /* Release */,
			);
			defaultConfigurationIsVisible = 0;
			defaultConfigurationName = Release;
		};
/* End XCConfigurationList section */
	};
	rootObject = 58E5D1A62D0C740A000E39B4 /* Project object */;
}
